// !$*UTF8*$!
{
	archiveVersion = 1;
	classes = {
	};
	objectVersion = 77;
	objects = {


/* Begin PBXBuildFile section */
		1A4CA0A72FC340000002BAA8 /* MoisesChallengeWatch.app in Embed Watch Content */ = {isa = PBXBuildFile; fileRef = 1A4CA0A02FC340000002BAA8 /* MoisesChallengeWatch.app */; settings = {ATTRIBUTES = (RemoveHeadersOnCopy, ); }; };
/* End PBXBuildFile section */

/* Begin PBXContainerItemProxy section */
		1A4C9FBE2FC33B5D0002BAA8 /* PBXContainerItemProxy */ = {
			isa = PBXContainerItemProxy;
			containerPortal = 1A4C9FA82FC33B5C0002BAA8 /* Project object */;
			proxyType = 1;
			remoteGlobalIDString = 1A4C9FAF2FC33B5C0002BAA8;
			remoteInfo = MoisesChallenge;
		};
		1A4C9FC82FC33B5D0002BAA8 /* PBXContainerItemProxy */ = {
			isa = PBXContainerItemProxy;
			containerPortal = 1A4C9FA82FC33B5C0002BAA8 /* Project object */;
			proxyType = 1;
			remoteGlobalIDString = 1A4C9FAF2FC33B5C0002BAA8;
			remoteInfo = MoisesChallenge;
		};
		1A4CA0A12FC340000002BAA8 /* PBXContainerItemProxy */ = {
			isa = PBXContainerItemProxy;
			containerPortal = 1A4C9FA82FC33B5C0002BAA8 /* Project object */;
			proxyType = 1;
			remoteGlobalIDString = 1A4CA0B02FC340000002BAA8;
			remoteInfo = MoisesChallengeWatch;
		};
/* End PBXContainerItemProxy section */

/* Begin PBXFileReference section */
		1A4C9FB02FC33B5C0002BAA8 /* MoisesChallenge.app */ = {isa = PBXFileReference; explicitFileType = wrapper.application; includeInIndex = 0; path = MoisesChallenge.app; sourceTree = BUILT_PRODUCTS_DIR; };
		1A4C9FBD2FC33B5D0002BAA8 /* MoisesChallengeTests.xctest */ = {isa = PBXFileReference; explicitFileType = wrapper.cfbundle; includeInIndex = 0; path = MoisesChallengeTests.xctest; sourceTree = BUILT_PRODUCTS_DIR; };
		1A4C9FC72FC33B5D0002BAA8 /* MoisesChallengeUITests.xctest */ = {isa = PBXFileReference; explicitFileType = wrapper.cfbundle; includeInIndex = 0; path = MoisesChallengeUITests.xctest; sourceTree = BUILT_PRODUCTS_DIR; };
		1A4CA0A02FC340000002BAA8 /* MoisesChallengeWatch.app */ = {isa = PBXFileReference; explicitFileType = wrapper.application; includeInIndex = 0; path = MoisesChallengeWatch.app; sourceTree = BUILT_PRODUCTS_DIR; };
/* End PBXFileReference section */

/* Begin PBXFileSystemSynchronizedRootGroup section */
		1A4C9FB22FC33B5C0002BAA8 /* MoisesChallenge */ = {
			isa = PBXFileSystemSynchronizedRootGroup;
			path = MoisesChallenge;
			sourceTree = "<group>";
		};
		1A4C9FC02FC33B5D0002BAA8 /* MoisesChallengeTests */ = {
			isa = PBXFileSystemSynchronizedRootGroup;
			path = MoisesChallengeTests;
			sourceTree = "<group>";
		};
		1A4C9FCA2FC33B5D0002BAA8 /* MoisesChallengeUITests */ = {
			isa = PBXFileSystemSynchronizedRootGroup;
			path = MoisesChallengeUITests;
			sourceTree = "<group>";
		};
		1A4CA0A22FC340000002BAA8 /* MoisesChallengeWatch */ = {
			isa = PBXFileSystemSynchronizedRootGroup;
			path = MoisesChallengeWatch;
			sourceTree = "<group>";
		};
/* End PBXFileSystemSynchronizedRootGroup section */

/* Begin PBXFrameworksBuildPhase section */
		1A4C9FAD2FC33B5C0002BAA8 /* Frameworks */ = {
			isa = PBXFrameworksBuildPhase;
			buildActionMask = 2147483647;
			files = (
			);
			runOnlyForDeploymentPostprocessing = 0;
		};
		1A4C9FBA2FC33B5D0002BAA8 /* Frameworks */ = {
			isa = PBXFrameworksBuildPhase;
			buildActionMask = 2147483647;
			files = (
			);
			runOnlyForDeploymentPostprocessing = 0;
		};
		1A4C9FC42FC33B5D0002BAA8 /* Frameworks */ = {
			isa = PBXFrameworksBuildPhase;
			buildActionMask = 2147483647;
			files = (
			);
			runOnlyForDeploymentPostprocessing = 0;
		};
/* End PBXFrameworksBuildPhase section */

/* Begin PBXGroup section */
		1A4C9FA72FC33B5C0002BAA8 = {
			isa = PBXGroup;
			children = (
				1A4C9FB22FC33B5C0002BAA8 /* MoisesChallenge */,
				1A4C9FC02FC33B5D0002BAA8 /* MoisesChallengeTests */,
				1A4C9FCA2FC33B5D0002BAA8 /* MoisesChallengeUITests */,
				1A4CA0A22FC340000002BAA8 /* MoisesChallengeWatch */,
				1A4C9FB12FC33B5C0002BAA8 /* Products */,
			);
			sourceTree = "<group>";
		};
		1A4C9FB12FC33B5C0002BAA8 /* Products */ = {
			isa = PBXGroup;
			children = (
				1A4C9FB02FC33B5C0002BAA8 /* MoisesChallenge.app */,
				1A4C9FBD2FC33B5D0002BAA8 /* MoisesChallengeTests.xctest */,
				1A4C9FC72FC33B5D0002BAA8 /* MoisesChallengeUITests.xctest */,
				1A4CA0A02FC340000002BAA8 /* MoisesChallengeWatch.app */,
			);
			name = Products;
			sourceTree = "<group>";
		};
/* End PBXGroup section */

/* Begin PBXNativeTarget section */
		1A4C9FAF2FC33B5C0002BAA8 /* MoisesChallenge */ = {
			isa = PBXNativeTarget;
			buildConfigurationList = 1A4C9FD12FC33B5D0002BAA8 /* Build configuration list for PBXNativeTarget "MoisesChallenge" */;
			buildPhases = (
				1A4C9FAC2FC33B5C0002BAA8 /* Sources */,
				1A4C9FAD2FC33B5C0002BAA8 /* Frameworks */,
				1A4C9FAE2FC33B5C0002BAA8 /* Resources */,
				1A4CA0A52FC340000002BAA8 /* Embed Watch Content */,
			);
			buildRules = (
			);
			dependencies = (
				1A4CA0A42FC340000002BAA8 /* PBXTargetDependency */,
			);
			fileSystemSynchronizedGroups = (
				1A4C9FB22FC33B5C0002BAA8 /* MoisesChallenge */,
			);
			name = MoisesChallenge;
			packageProductDependencies = (
			);
			productName = MoisesChallenge;
			productReference = 1A4C9FB02FC33B5C0002BAA8 /* MoisesChallenge.app */;
			productType = "com.apple.product-type.application";
		};
		1A4C9FBC2FC33B5D0002BAA8 /* MoisesChallengeTests */ = {
			isa = PBXNativeTarget;
			buildConfigurationList = 1A4C9FD42FC33B5D0002BAA8 /* Build configuration list for PBXNativeTarget "MoisesChallengeTests" */;
			buildPhases = (
				1A4C9FB92FC33B5D0002BAA8 /* Sources */,
				1A4C9FBA2FC33B5D0002BAA8 /* Frameworks */,
				1A4C9FBB2FC33B5D0002BAA8 /* Resources */,
			);
			buildRules = (
			);
			dependencies = (
				1A4C9FBF2FC33B5D0002BAA8 /* PBXTargetDependency */,
			);
			fileSystemSynchronizedGroups = (
				1A4C9FC02FC33B5D0002BAA8 /* MoisesChallengeTests */,
			);
			name = MoisesChallengeTests;
			packageProductDependencies = (
			);
			productName = MoisesChallengeTests;
			productReference = 1A4C9FBD2FC33B5D0002BAA8 /* MoisesChallengeTests.xctest */;
			productType = "com.apple.product-type.bundle.unit-test";
		};
		1A4C9FC62FC33B5D0002BAA8 /* MoisesChallengeUITests */ = {
			isa = PBXNativeTarget;
			buildConfigurationList = 1A4C9FD72FC33B5D0002BAA8 /* Build configuration list for PBXNativeTarget "MoisesChallengeUITests" */;
			buildPhases = (
				1A4C9FC32FC33B5D0002BAA8 /* Sources */,
				1A4C9FC42FC33B5D0002BAA8 /* Frameworks */,
				1A4C9FC52FC33B5D0002BAA8 /* Resources */,
			);
			buildRules = (
			);
			dependencies = (
				1A4C9FC92FC33B5D0002BAA8 /* PBXTargetDependency */,
			);
			fileSystemSynchronizedGroups = (
				1A4C9FCA2FC33B5D0002BAA8 /* MoisesChallengeUITests */,
			);
			name = MoisesChallengeUITests;
			packageProductDependencies = (
			);
			productName = MoisesChallengeUITests;
			productReference = 1A4C9FC72FC33B5D0002BAA8 /* MoisesChallengeUITests.xctest */;
			productType = "com.apple.product-type.bundle.ui-testing";
		};

		1A4CA0B02FC340000002BAA8 /* MoisesChallengeWatch */ = {
			isa = PBXNativeTarget;
			buildConfigurationList = 1A4CA0A82FC340000002BAA8 /* Build configuration list for PBXNativeTarget "MoisesChallengeWatch" */;
			buildPhases = (
				1A4CA0A32FC340000002BAA8 /* Sources */,
				1A4CA0A62FC340000002BAA8 /* Resources */,
			);
			buildRules = (
			);
			dependencies = (
			);
			fileSystemSynchronizedGroups = (
				1A4CA0A22FC340000002BAA8 /* MoisesChallengeWatch */,
			);
			name = MoisesChallengeWatch;
			productName = MoisesChallengeWatch;
			productReference = 1A4CA0A02FC340000002BAA8 /* MoisesChallengeWatch.app */;
			productType = "com.apple.product-type.application";
		};

/* End PBXNativeTarget section */

/* Begin PBXProject section */
		1A4C9FA82FC33B5C0002BAA8 /* Project object */ = {
			isa = PBXProject;
			attributes = {
				BuildIndependentTargetsInParallel = 1;
				LastSwiftUpdateCheck = 2610;
				LastUpgradeCheck = 2610;
				TargetAttributes = {
					1A4C9FAF2FC33B5C0002BAA8 = {
						CreatedOnToolsVersion = 26.1.1;
					};
					1A4C9FBC2FC33B5D0002BAA8 = {
						CreatedOnToolsVersion = 26.1.1;
						TestTargetID = 1A4C9FAF2FC33B5C0002BAA8;
					};
					1A4C9FC62FC33B5D0002BAA8 = {
						CreatedOnToolsVersion = 26.1.1;
						TestTargetID = 1A4C9FAF2FC33B5C0002BAA8;
					};
				};
			};
			buildConfigurationList = 1A4C9FAB2FC33B5C0002BAA8 /* Build configuration list for PBXProject "MoisesChallenge" */;
			developmentRegion = en;
			hasScannedForEncodings = 0;
			knownRegions = (
				en,
				Base,
			);
			mainGroup = 1A4C9FA72FC33B5C0002BAA8;
			minimizedProjectReferenceProxies = 1;
			preferredProjectObjectVersion = 77;
			productRefGroup = 1A4C9FB12FC33B5C0002BAA8 /* Products */;
			projectDirPath = "";
			projectRoot = "";
			targets = (
				1A4C9FAF2FC33B5C0002BAA8 /* MoisesChallenge */,
				1A4C9FBC2FC33B5D0002BAA8 /* MoisesChallengeTests */,
				1A4C9FC62FC33B5D0002BAA8 /* MoisesChallengeUITests */,
				1A4CA0B02FC340000002BAA8 /* MoisesChallengeWatch */,
			);
		};
/* End PBXProject section */

/* Begin PBXResourcesBuildPhase section */
		1A4C9FAE2FC33B5C0002BAA8 /* Resources */ = {
			isa = PBXResourcesBuildPhase;
			buildActionMask = 2147483647;
			files = (
			);
			runOnlyForDeploymentPostprocessing = 0;
		};
		1A4C9FBB2FC33B5D0002BAA8 /* Resources */ = {
			isa = PBXResourcesBuildPhase;
			buildActionMask = 2147483647;
			files = (
			);
			runOnlyForDeploymentPostprocessing = 0;
		};
		1A4C9FC52FC33B5D0002BAA8 /* Resources */ = {
			isa = PBXResourcesBuildPhase;
			buildActionMask = 2147483647;
			files = (
			);
			runOnlyForDeploymentPostprocessing = 0;
		};

		1A4CA0A32FC340000002BAA8 /* Sources */ = {
			isa = PBXSourcesBuildPhase;
			buildActionMask = 2147483647;
			files = (
			);
			runOnlyForDeploymentPostprocessing = 0;
		};
		1A4CA0A52FC340000002BAA8 /* Embed Watch Content */ = {
			isa = PBXCopyFilesBuildPhase;
			buildActionMask = 2147483647;
			dstPath = "$(CONTENTS_FOLDER_PATH)/Watch";
			dstSubfolderSpec = 16;
			files = (
				1A4CA0A72FC340000002BAA8 /* MoisesChallengeWatch.app in Embed Watch Content */,
			);
			name = "Embed Watch Content";
			runOnlyForDeploymentPostprocessing = 0;
		};
		1A4CA0A62FC340000002BAA8 /* Resources */ = {
			isa = PBXResourcesBuildPhase;
			buildActionMask = 2147483647;
			files = (
			);
			runOnlyForDeploymentPostprocessing = 0;
		};

/* End PBXResourcesBuildPhase section */

/* Begin PBXSourcesBuildPhase section */
		1A4C9FAC2FC33B5C0002BAA8 /* Sources */ = {
			isa = PBXSourcesBuildPhase;
			buildActionMask = 2147483647;
			files = (
			);
			runOnlyForDeploymentPostprocessing = 0;
		};
		1A4C9FB92FC33B5D0002BAA8 /* Sources */ = {
			isa = PBXSourcesBuildPhase;
			buildActionMask = 2147483647;
			files = (
			);
			runOnlyForDeploymentPostprocessing = 0;
		};
		1A4C9FC32FC33B5D0002BAA8 /* Sources */ = {
			isa = PBXSourcesBuildPhase;
			buildActionMask = 2147483647;
			files = (
			);
			runOnlyForDeploymentPostprocessing = 0;
		};
/* End PBXSourcesBuildPhase section */

/* Begin PBXTargetDependency section */
		1A4C9FBF2FC33B5D0002BAA8 /* PBXTargetDependency */ = {
			isa = PBXTargetDependency;
			target = 1A4C9FAF2FC33B5C0002BAA8 /* MoisesChallenge */;
			targetProxy = 1A4C9FBE2FC33B5D0002BAA8 /* PBXContainerItemProxy */;
		};
		1A4C9FC92FC33B5D0002BAA8 /* PBXTargetDependency */ = {
			isa = PBXTargetDependency;
			target = 1A4C9FAF2FC33B5C0002BAA8 /* MoisesChallenge */;
			targetProxy = 1A4C9FC82FC33B5D0002BAA8 /* PBXContainerItemProxy */;
		};
		1A4CA0A42FC340000002BAA8 /* PBXTargetDependency */ = {
			isa = PBXTargetDependency;
			target = 1A4CA0B02FC340000002BAA8 /* MoisesChallengeWatch */;
			targetProxy = 1A4CA0A12FC340000002BAA8 /* PBXContainerItemProxy */;
		};
/* End PBXTargetDependency section */

/* Begin XCBuildConfiguration section */
		1A4C9FCF2FC33B5D0002BAA8 /* Debug */ = {
			isa = XCBuildConfiguration;
			buildSettings = {
				ALWAYS_SEARCH_USER_PATHS = NO;
				ASSETCATALOG_COMPILER_GENERATE_SWIFT_ASSET_SYMBOL_EXTENSIONS = YES;
				CLANG_ANALYZER_NONNULL = YES;
				CLANG_ANALYZER_NUMBER_OBJECT_CONVERSION = YES_AGGRESSIVE;
				CLANG_CXX_LANGUAGE_STANDARD = "gnu++20";
				CLANG_ENABLE_MODULES = YES;
				CLANG_ENABLE_OBJC_ARC = YES;
				CLANG_ENABLE_OBJC_WEAK = YES;
				CLANG_WARN_BLOCK_CAPTURE_AUTORELEASING = YES;
				CLANG_WARN_BOOL_CONVERSION = YES;
				CLANG_WARN_COMMA = YES;
				CLANG_WARN_CONSTANT_CONVERSION = YES;
				CLANG_WARN_DEPRECATED_OBJC_IMPLEMENTATIONS = YES;
				CLANG_WARN_DIRECT_OBJC_ISA_USAGE = YES_ERROR;
				CLANG_WARN_DOCUMENTATION_COMMENTS = YES;
				CLANG_WARN_EMPTY_BODY = YES;
				CLANG_WARN_ENUM_CONVERSION = YES;
				CLANG_WARN_INFINITE_RECURSION = YES;
				CLANG_WARN_INT_CONVERSION = YES;
				CLANG_WARN_NON_LITERAL_NULL_CONVERSION = YES;
				CLANG_WARN_OBJC_IMPLICIT_RETAIN_SELF = YES;
				CLANG_WARN_OBJC_LITERAL_CONVERSION = YES;
				CLANG_WARN_OBJC_ROOT_CLASS = YES_ERROR;
				CLANG_WARN_QUOTED_INCLUDE_IN_FRAMEWORK_HEADER = YES;
				CLANG_WARN_RANGE_LOOP_ANALYSIS = YES;
				CLANG_WARN_STRICT_PROTOTYPES = YES;
				CLANG_WARN_SUSPICIOUS_MOVE = YES;
				CLANG_WARN_UNGUARDED_AVAILABILITY = YES_AGGRESSIVE;
				CLANG_WARN_UNREACHABLE_CODE = YES;
				CLANG_WARN__DUPLICATE_METHOD_MATCH = YES;
				COPY_PHASE_STRIP = NO;
				DEBUG_INFORMATION_FORMAT = dwarf;
				DEVELOPMENT_TEAM = 272247UTKJ;
				ENABLE_STRICT_OBJC_MSGSEND = YES;
				ENABLE_TESTABILITY = YES;
				ENABLE_USER_SCRIPT_SANDBOXING = YES;
				GCC_C_LANGUAGE_STANDARD = gnu17;
				GCC_DYNAMIC_NO_PIC = NO;
				GCC_NO_COMMON_BLOCKS = YES;
				GCC_OPTIMIZATION_LEVEL = 0;
				GCC_PREPROCESSOR_DEFINITIONS = (
					"DEBUG=1",
					"$(inherited)",
				);
				GCC_WARN_64_TO_32_BIT_CONVERSION = YES;
				GCC_WARN_ABOUT_RETURN_TYPE = YES_ERROR;
				GCC_WARN_UNDECLARED_SELECTOR = YES;
				GCC_WARN_UNINITIALIZED_AUTOS = YES_AGGRESSIVE;
				GCC_WARN_UNUSED_FUNCTION = YES;
				GCC_WARN_UNUSED_VARIABLE = YES;
				IPHONEOS_DEPLOYMENT_TARGET = 26.1;
				LOCALIZATION_PREFERS_STRING_CATALOGS = YES;
				MTL_ENABLE_DEBUG_INFO = INCLUDE_SOURCE;
				MTL_FAST_MATH = YES;
				ONLY_ACTIVE_ARCH = YES;
				SDKROOT = iphoneos;
				SWIFT_ACTIVE_COMPILATION_CONDITIONS = "DEBUG $(inherited)";
				SWIFT_OPTIMIZATION_LEVEL = "-Onone";
			};
			name = Debug;
		};
		1A4C9FD02FC33B5D0002BAA8 /* Release */ = {
			isa = XCBuildConfiguration;
			buildSettings = {
				ALWAYS_SEARCH_USER_PATHS = NO;
				ASSETCATALOG_COMPILER_GENERATE_SWIFT_ASSET_SYMBOL_EXTENSIONS = YES;
				CLANG_ANALYZER_NONNULL = YES;
				CLANG_ANALYZER_NUMBER_OBJECT_CONVERSION = YES_AGGRESSIVE;
				CLANG_CXX_LANGUAGE_STANDARD = "gnu++20";
				CLANG_ENABLE_MODULES = YES;
				CLANG_ENABLE_OBJC_ARC = YES;
				CLANG_ENABLE_OBJC_WEAK = YES;
				CLANG_WARN_BLOCK_CAPTURE_AUTORELEASING = YES;
				CLANG_WARN_BOOL_CONVERSION = YES;
				CLANG_WARN_COMMA = YES;
				CLANG_WARN_CONSTANT_CONVERSION = YES;
				CLANG_WARN_DEPRECATED_OBJC_IMPLEMENTATIONS = YES;
				CLANG_WARN_DIRECT_OBJC_ISA_USAGE = YES_ERROR;
				CLANG_WARN_DOCUMENTATION_COMMENTS = YES;
				CLANG_WARN_EMPTY_BODY = YES;
				CLANG_WARN_ENUM_CONVERSION = YES;
				CLANG_WARN_INFINITE_RECURSION = YES;
				CLANG_WARN_INT_CONVERSION = YES;
				CLANG_WARN_NON_LITERAL_NULL_CONVERSION = YES;
				CLANG_WARN_OBJC_IMPLICIT_RETAIN_SELF = YES;
				CLANG_WARN_OBJC_LITERAL_CONVERSION = YES;
				CLANG_WARN_OBJC_ROOT_CLASS = YES_ERROR;
				CLANG_WARN_QUOTED_INCLUDE_IN_FRAMEWORK_HEADER = YES;
				CLANG_WARN_RANGE_LOOP_ANALYSIS = YES;
				CLANG_WARN_STRICT_PROTOTYPES = YES;
				CLANG_WARN_SUSPICIOUS_MOVE = YES;
				CLANG_WARN_UNGUARDED_AVAILABILITY = YES_AGGRESSIVE;
				CLANG_WARN_UNREACHABLE_CODE = YES;
				CLANG_WARN__DUPLICATE_METHOD_MATCH = YES;
				COPY_PHASE_STRIP = NO;
				DEBUG_INFORMATION_FORMAT = "dwarf-with-dsym";
				DEVELOPMENT_TEAM = 272247UTKJ;
				ENABLE_NS_ASSERTIONS = NO;
				ENABLE_STRICT_OBJC_MSGSEND = YES;
				ENABLE_USER_SCRIPT_SANDBOXING = YES;
				GCC_C_LANGUAGE_STANDARD = gnu17;
				GCC_NO_COMMON_BLOCKS = YES;
				GCC_WARN_64_TO_32_BIT_CONVERSION = YES;
				GCC_WARN_ABOUT_RETURN_TYPE = YES_ERROR;
				GCC_WARN_UNDECLARED_SELECTOR = YES;
				GCC_WARN_UNINITIALIZED_AUTOS = YES_AGGRESSIVE;
				GCC_WARN_UNUSED_FUNCTION = YES;
				GCC_WARN_UNUSED_VARIABLE = YES;
				IPHONEOS_DEPLOYMENT_TARGET = 26.1;
				LOCALIZATION_PREFERS_STRING_CATALOGS = YES;
				MTL_ENABLE_DEBUG_INFO = NO;
				MTL_FAST_MATH = YES;
				SDKROOT = iphoneos;
				SWIFT_COMPILATION_MODE = wholemodule;
				VALIDATE_PRODUCT = YES;
			};
			name = Release;
		};
		1A4C9FD22FC33B5D0002BAA8 /* Debug */ = {
			isa = XCBuildConfiguration;
			buildSettings = {
				ASSETCATALOG_COMPILER_APPICON_NAME = AppIcon;
				ASSETCATALOG_COMPILER_GLOBAL_ACCENT_COLOR_NAME = AccentColor;
				CODE_SIGN_ENTITLEMENTS = Config/MoisesChallenge.entitlements;
				CODE_SIGN_STYLE = Automatic;
				CURRENT_PROJECT_VERSION = 1;
				DEVELOPMENT_TEAM = 272247UTKJ;
				ENABLE_PREVIEWS = YES;
				GENERATE_INFOPLIST_FILE = NO;
				INFOPLIST_FILE = Config/Info.plist;
				LD_RUNPATH_SEARCH_PATHS = (
					"$(inherited)",
					"@executable_path/Frameworks",
				);
				MARKETING_VERSION = 1.0;
				PRODUCT_BUNDLE_IDENTIFIER = com.yuri.MoisesChallenge;
				PRODUCT_NAME = "$(TARGET_NAME)";
				STRING_CATALOG_GENERATE_SYMBOLS = YES;
				SWIFT_APPROACHABLE_CONCURRENCY = YES;
				SWIFT_EMIT_LOC_STRINGS = YES;
				SWIFT_UPCOMING_FEATURE_MEMBER_IMPORT_VISIBILITY = YES;
				SWIFT_VERSION = 6.0;
				TARGETED_DEVICE_FAMILY = "1,2";
			};
			name = Debug;
		};
		1A4C9FD32FC33B5D0002BAA8 /* Release */ = {
			isa = XCBuildConfiguration;
			buildSettings = {
				ASSETCATALOG_COMPILER_APPICON_NAME = AppIcon;
				ASSETCATALOG_COMPILER_GLOBAL_ACCENT_COLOR_NAME = AccentColor;
				CODE_SIGN_ENTITLEMENTS = Config/MoisesChallenge.entitlements;
				CODE_SIGN_STYLE = Automatic;
				CURRENT_PROJECT_VERSION = 1;
				DEVELOPMENT_TEAM = 272247UTKJ;
				ENABLE_PREVIEWS = YES;
				GENERATE_INFOPLIST_FILE = NO;
				INFOPLIST_FILE = Config/Info.plist;
				LD_RUNPATH_SEARCH_PATHS = (
					"$(inherited)",
					"@executable_path/Frameworks",
				);
				MARKETING_VERSION = 1.0;
				PRODUCT_BUNDLE_IDENTIFIER = com.yuri.MoisesChallenge;
				PRODUCT_NAME = "$(TARGET_NAME)";
				STRING_CATALOG_GENERATE_SYMBOLS = YES;
				SWIFT_APPROACHABLE_CONCURRENCY = YES;
				SWIFT_EMIT_LOC_STRINGS = YES;
				SWIFT_UPCOMING_FEATURE_MEMBER_IMPORT_VISIBILITY = YES;
				SWIFT_VERSION = 6.0;
				TARGETED_DEVICE_FAMILY = "1,2";
			};
			name = Release;
		};
		1A4C9FD52FC33B5D0002BAA8 /* Debug */ = {
			isa = XCBuildConfiguration;
			buildSettings = {
				BUNDLE_LOADER = "$(TEST_HOST)";
				CODE_SIGN_STYLE = Automatic;
				CURRENT_PROJECT_VERSION = 1;
				DEVELOPMENT_TEAM = 272247UTKJ;
				GENERATE_INFOPLIST_FILE = YES;
				IPHONEOS_DEPLOYMENT_TARGET = 26.1;
				MARKETING_VERSION = 1.0;
				PRODUCT_BUNDLE_IDENTIFIER = com.yuri.MoisesChallengeTests;
				PRODUCT_NAME = "$(TARGET_NAME)";
				STRING_CATALOG_GENERATE_SYMBOLS = NO;
				SWIFT_APPROACHABLE_CONCURRENCY = YES;
				SWIFT_EMIT_LOC_STRINGS = NO;
				SWIFT_UPCOMING_FEATURE_MEMBER_IMPORT_VISIBILITY = YES;
				SWIFT_VERSION = 6.0;
				TARGETED_DEVICE_FAMILY = "1,2";
				TEST_HOST = "$(BUILT_PRODUCTS_DIR)/MoisesChallenge.app/$(BUNDLE_EXECUTABLE_FOLDER_PATH)/MoisesChallenge";
			};
			name = Debug;
		};
		1A4C9FD62FC33B5D0002BAA8 /* Release */ = {
			isa = XCBuildConfiguration;
			buildSettings = {
				BUNDLE_LOADER = "$(TEST_HOST)";
				CODE_SIGN_STYLE = Automatic;
				CURRENT_PROJECT_VERSION = 1;
				DEVELOPMENT_TEAM = 272247UTKJ;
				GENERATE_INFOPLIST_FILE = YES;
				IPHONEOS_DEPLOYMENT_TARGET = 26.1;
				MARKETING_VERSION = 1.0;
				PRODUCT_BUNDLE_IDENTIFIER = com.yuri.MoisesChallengeTests;
				PRODUCT_NAME = "$(TARGET_NAME)";
				STRING_CATALOG_GENERATE_SYMBOLS = NO;
				SWIFT_APPROACHABLE_CONCURRENCY = YES;
				SWIFT_EMIT_LOC_STRINGS = NO;
				SWIFT_UPCOMING_FEATURE_MEMBER_IMPORT_VISIBILITY = YES;
				SWIFT_VERSION = 6.0;
				TARGETED_DEVICE_FAMILY = "1,2";
				TEST_HOST = "$(BUILT_PRODUCTS_DIR)/MoisesChallenge.app/$(BUNDLE_EXECUTABLE_FOLDER_PATH)/MoisesChallenge";
			};
			name = Release;
		};
		1A4C9FD82FC33B5D0002BAA8 /* Debug */ = {
			isa = XCBuildConfiguration;
			buildSettings = {
				CODE_SIGN_STYLE = Automatic;
				CURRENT_PROJECT_VERSION = 1;
				DEVELOPMENT_TEAM = 272247UTKJ;
				GENERATE_INFOPLIST_FILE = YES;
				MARKETING_VERSION = 1.0;
				PRODUCT_BUNDLE_IDENTIFIER = com.yuri.MoisesChallengeUITests;
				PRODUCT_NAME = "$(TARGET_NAME)";
				STRING_CATALOG_GENERATE_SYMBOLS = NO;
				SWIFT_APPROACHABLE_CONCURRENCY = YES;
				SWIFT_EMIT_LOC_STRINGS = NO;
				SWIFT_UPCOMING_FEATURE_MEMBER_IMPORT_VISIBILITY = YES;
				SWIFT_VERSION = 6.0;
				TARGETED_DEVICE_FAMILY = "1,2";
				TEST_TARGET_NAME = MoisesChallenge;
			};
			name = Debug;
		};
		1A4C9FD92FC33B5D0002BAA8 /* Release */ = {
			isa = XCBuildConfiguration;
			buildSettings = {
				CODE_SIGN_STYLE = Automatic;
				CURRENT_PROJECT_VERSION = 1;
				DEVELOPMENT_TEAM = 272247UTKJ;
				GENERATE_INFOPLIST_FILE = YES;
				MARKETING_VERSION = 1.0;
				PRODUCT_BUNDLE_IDENTIFIER = com.yuri.MoisesChallengeUITests;
				PRODUCT_NAME = "$(TARGET_NAME)";
				STRING_CATALOG_GENERATE_SYMBOLS = NO;
				SWIFT_APPROACHABLE_CONCURRENCY = YES;
				SWIFT_EMIT_LOC_STRINGS = NO;
				SWIFT_UPCOMING_FEATURE_MEMBER_IMPORT_VISIBILITY = YES;
				SWIFT_VERSION = 6.0;
				TARGETED_DEVICE_FAMILY = "1,2";
				TEST_TARGET_NAME = MoisesChallenge;
			};
			name = Release;
		};

		1A4CA0A92FC340000002BAA8 /* Debug */ = {
			isa = XCBuildConfiguration;
			buildSettings = {
				CODE_SIGN_STYLE = Automatic;
				CURRENT_PROJECT_VERSION = 1;
				DEVELOPMENT_TEAM = 272247UTKJ;
				GENERATE_INFOPLIST_FILE = NO;
				INFOPLIST_FILE = Config/Info-Watch.plist;
				MARKETING_VERSION = 1.0;
				PRODUCT_BUNDLE_IDENTIFIER = com.yuri.MoisesChallenge.watchkitapp;
				PRODUCT_NAME = "$(TARGET_NAME)";
				SDKROOT = watchos;
				SKIP_INSTALL = YES;
				SWIFT_APPROACHABLE_CONCURRENCY = YES;
				SWIFT_EMIT_LOC_STRINGS = YES;
				SWIFT_UPCOMING_FEATURE_MEMBER_IMPORT_VISIBILITY = YES;
				SWIFT_VERSION = 6.0;
				TARGETED_DEVICE_FAMILY = 4;
				WATCHOS_DEPLOYMENT_TARGET = 11.0;
			};
			name = Debug;
		};
		1A4CA0AA2FC340000002BAA8 /* Release */ = {
			isa = XCBuildConfiguration;
			buildSettings = {
				CODE_SIGN_STYLE = Automatic;
				CURRENT_PROJECT_VERSION = 1;
				DEVELOPMENT_TEAM = 272247UTKJ;
				GENERATE_INFOPLIST_FILE = NO;
				INFOPLIST_FILE = Config/Info-Watch.plist;
				MARKETING_VERSION = 1.0;
				PRODUCT_BUNDLE_IDENTIFIER = com.yuri.MoisesChallenge.watchkitapp;
				PRODUCT_NAME = "$(TARGET_NAME)";
				SDKROOT = watchos;
				SKIP_INSTALL = YES;
				SWIFT_APPROACHABLE_CONCURRENCY = YES;
				SWIFT_EMIT_LOC_STRINGS = YES;
				SWIFT_UPCOMING_FEATURE_MEMBER_IMPORT_VISIBILITY = YES;
				SWIFT_VERSION = 6.0;
				TARGETED_DEVICE_FAMILY = 4;
				VALIDATE_PRODUCT = YES;
				WATCHOS_DEPLOYMENT_TARGET = 11.0;
			};
			name = Release;
		};

/* End XCBuildConfiguration section */

/* Begin XCConfigurationList section */
		1A4C9FAB2FC33B5C0002BAA8 /* Build configuration list for PBXProject "MoisesChallenge" */ = {
			isa = XCConfigurationList;
			buildConfigurations = (
				1A4C9FCF2FC33B5D0002BAA8 /* Debug */,
				1A4C9FD02FC33B5D0002BAA8 /* Release */,
			);
			defaultConfigurationIsVisible = 0;
			defaultConfigurationName = Release;
		};
		1A4C9FD12FC33B5D0002BAA8 /* Build configuration list for PBXNativeTarget "MoisesChallenge" */ = {
			isa = XCConfigurationList;
			buildConfigurations = (
				1A4C9FD22FC33B5D0002BAA8 /* Debug */,
				1A4C9FD32FC33B5D0002BAA8 /* Release */,
			);
			defaultConfigurationIsVisible = 0;
			defaultConfigurationName = Release;
		};
		1A4C9FD42FC33B5D0002BAA8 /* Build configuration list for PBXNativeTarget "MoisesChallengeTests" */ = {
			isa = XCConfigurationList;
			buildConfigurations = (
				1A4C9FD52FC33B5D0002BAA8 /* Debug */,
				1A4C9FD62FC33B5D0002BAA8 /* Release */,
			);
			defaultConfigurationIsVisible = 0;
			defaultConfigurationName = Release;
		};
		1A4C9FD72FC33B5D0002BAA8 /* Build configuration list for PBXNativeTarget "MoisesChallengeUITests" */ = {
			isa = XCConfigurationList;
			buildConfigurations = (
				1A4C9FD82FC33B5D0002BAA8 /* Debug */,
				1A4C9FD92FC33B5D0002BAA8 /* Release */,
			);
			defaultConfigurationIsVisible = 0;
			defaultConfigurationName = Release;
		};
		1A4CA0A82FC340000002BAA8 /* Build configuration list for PBXNativeTarget "MoisesChallengeWatch" */ = {
			isa = XCConfigurationList;
			buildConfigurations = (
				1A4CA0A92FC340000002BAA8 /* Debug */,
				1A4CA0AA2FC340000002BAA8 /* Release */,
			);
			defaultConfigurationIsVisible = 0;
			defaultConfigurationName = Release;
		};
/* End XCConfigurationList section */
	};
	rootObject = 1A4C9FA82FC33B5C0002BAA8 /* Project object */;
}
